# THIS IS AN AUTOGENERATED FILE. DO NOT EDIT THIS FILE DIRECTLY.
# yarn lockfile v1


"@popperjs/core@^2.9.3":
  "integrity" "sha512-9X2obfABZuDVLCgPK9aX0a/x4jaOEweTTWE2+9sr0Qqqevj2Uv5XorvusThmc9XGYpS9yI+fhh8RTafBtGposw=="
  "resolved" "https://registry.npmjs.org/@popperjs/core/-/core-2.11.5.tgz"
  "version" "2.11.5"

"alpine-turbo-drive-adapter@^2.0.0":
  "integrity" "sha512-Hspm4IX2UNxriAkdNjAsLdDX1/Euaksnj5dc4+M/0/xsMxAEiMOkt+7ZWtU8GSFR87iS3PixBh/n76Ci6yeDbQ=="
  "resolved" "https://registry.npmjs.org/alpine-turbo-drive-adapter/-/alpine-turbo-drive-adapter-2.0.0.tgz"
  "version" "2.0.0"

"flowbite@^1.5.1":
  "integrity" "sha512-kMQ2o/aLV629WqUVubw2KZGYcN7W5rD0tFVqxvK5/45EFIgMAlTmT+XxdIjKwzyTlb3HgmUj5h5NaqN3TJc9Zw=="
  "resolved" "https://registry.npmjs.org/flowbite/-/flowbite-1.5.1.tgz"
  "version" "1.5.1"
  dependencies:
    "@popperjs/core" "^2.9.3"
    "mini-svg-data-uri" "^1.4.3"

"jquery-mask-plugin@^1.14.16":
  "integrity" "sha512-reywdHlYEkPbzWjTpcc1fk9XQ3PLvO5dzEAVqy8zI7NTF22tB1HbeU3iboZTLdkBEPaWAqeI2HtEjsGQ4roZKw=="
  "resolved" "https://registry.npmjs.org/jquery-mask-plugin/-/jquery-mask-plugin-1.14.16.tgz"
  "version" "1.14.16"

"jquery@^3.6.1":
  "integrity" "sha512-opJeO4nCucVnsjiXOE+/PcCgYw9Gwpvs/a6B1LL/lQhwWwpbVEVYDZ1FokFr8PRc7ghYlrFPuyHuiiDNTQxmcw=="
  "resolved" "https://registry.npmjs.org/jquery/-/jquery-3.6.1.tgz"
  "version" "3.6.1"

"mini-svg-data-uri@^1.4.3":
  "integrity" "sha512-r9deDe9p5FJUPZAk3A59wGH7Ii9YrjjWw0jmw/liSbHl2CHiyXj6FcDXDu2K3TjVAXqiJdaw3xxwlZZr9E6nHg=="
  "resolved" "https://registry.npmjs.org/mini-svg-data-uri/-/mini-svg-data-uri-1.4.4.tgz"
  "version" "1.4.4"
